
Microsoft Visual Studio Solution File, Format Version 12.00
# Visual Studio Version 16
VisualStudioVersion = 16.0.31205.134
MinimumVisualStudioVersion = 10.0.40219.1
Project("{9A19103F-16F7-4668-BE54-9A1E7A4F7556}") = "GolaCorp.ScoreKeeper.Domain", "GolaCorp.ScoreKeeper.Domain\GolaCorp.ScoreKeeper.Domain.csproj", "{A5912DA5-EA5F-403C-9B25-9100B88660B0}"
EndProject
Project("{9A19103F-16F7-4668-BE54-9A1E7A4F7556}") = "GolaCorp.ScoreKeeper.Tests", "tests\GolaCorp.ScoreKeeper.Tests\GolaCorp.ScoreKeeper.Tests.csproj", "{7A05298B-4DB1-4B48-8B29-651ABE7755C5}"
EndProject
Project("{9A19103F-16F7-4668-BE54-9A1E7A4F7556}") = "GolaCorp.ScoreKeeper.Infrastructure", "GolaCorp.ScoreKeeper.Infrastructure\GolaCorp.ScoreKeeper.Infrastructure.csproj", "{B3560C3D-3B0C-4257-B119-776EEF0C8EFE}"
EndProject
Project("{9A19103F-16F7-4668-BE54-9A1E7A4F7556}") = "GolaCorp.ScoreKeeper.Api", "GolaCorp.ScoreKeeper.Api\GolaCorp.ScoreKeeper.Api.csproj", "{9D2EF2EF-2FFC-49DC-9040-3D6B778E250A}"
EndProject
Project("{E53339B2-1760-4266-BCC7-CA923CBCF16C}") = "docker-compose", "docker-compose.dcproj", "{C58142B0-0E12-465D-A45A-9452FA65DAF7}"
EndProject
Global
	GlobalSection(SolutionConfigurationPlatforms) = preSolution
		Debug|Any CPU = Debug|Any CPU
		Release|Any CPU = Release|Any CPU
	EndGlobalSection
	GlobalSection(ProjectConfigurationPlatforms) = postSolution
		{A5912DA5-EA5F-403C-9B25-9100B88660B0}.Debug|Any CPU.ActiveCfg = Debug|Any CPU
		{A5912DA5-EA5F-403C-9B25-9100B88660B0}.Debug|Any CPU.Build.0 = Debug|Any CPU
		{A5912DA5-EA5F-403C-9B25-9100B88660B0}.Release|Any CPU.ActiveCfg = Release|Any CPU
		{A5912DA5-EA5F-403C-9B25-9100B88660B0}.Release|Any CPU.Build.0 = Release|Any CPU
		{7A05298B-4DB1-4B48-8B29-651ABE7755C5}.Debug|Any CPU.ActiveCfg = Debug|Any CPU
		{7A05298B-4DB1-4B48-8B29-651ABE7755C5}.Debug|Any CPU.Build.0 = Debug|Any CPU
		{7A05298B-4DB1-4B48-8B29-651ABE7755C5}.Release|Any CPU.ActiveCfg = Release|Any CPU
		{7A05298B-4DB1-4B48-8B29-651ABE7755C5}.Release|Any CPU.Build.0 = Release|Any CPU
		{B3560C3D-3B0C-4257-B119-776EEF0C8EFE}.Debug|Any CPU.ActiveCfg = Debug|Any CPU
		{B3560C3D-3B0C-4257-B119-776EEF0C8EFE}.Debug|Any CPU.Build.0 = Debug|Any CPU
		{B3560C3D-3B0C-4257-B119-776EEF0C8EFE}.Release|Any CPU.ActiveCfg = Release|Any CPU
		{B3560C3D-3B0C-4257-B119-776EEF0C8EFE}.Release|Any CPU.Build.0 = Release|Any CPU
		{9D2EF2EF-2FFC-49DC-9040-3D6B778E250A}.Debug|Any CPU.ActiveCfg = Debug|Any CPU
		{9D2EF2EF-2FFC-49DC-9040-3D6B778E250A}.Debug|Any CPU.Build.0 = Debug|Any CPU
		{9D2EF2EF-2FFC-49DC-9040-3D6B778E250A}.Release|Any CPU.ActiveCfg = Release|Any CPU
		{9D2EF2EF-2FFC-49DC-9040-3D6B778E250A}.Release|Any CPU.Build.0 = Release|Any CPU
		{C58142B0-0E12-465D-A45A-9452FA65DAF7}.Debug|Any CPU.ActiveCfg = Debug|Any CPU
		{C58142B0-0E12-465D-A45A-9452FA65DAF7}.Debug|Any CPU.Build.0 = Debug|Any CPU
		{C58142B0-0E12-465D-A45A-9452FA65DAF7}.Release|Any CPU.ActiveCfg = Release|Any CPU
		{C58142B0-0E12-465D-A45A-9452FA65DAF7}.Release|Any CPU.Build.0 = Release|Any CPU
	EndGlobalSection
	GlobalSection(SolutionProperties) = preSolution
		HideSolutionNode = FALSE
	EndGlobalSection
	GlobalSection(ExtensibilityGlobals) = postSolution
		SolutionGuid = {FBFCE47A-B9EF-4F67-9B9B-77844CD0503C}
	EndGlobalSection
EndGlobal
